
Microsoft Visual Studio Solution File, Format Version 12.00
# Visual Studio Version 17
Project("{8BC9CEB8-8B4A-11D0-8D11-00A0C91BC942}") = "ALL_BUILD", "ALL_BUILD.vcxproj", "{4DC952CD-6B29-3C1A-8A4D-594645A5D82C}"
	ProjectSection(ProjectDependencies) = postProject
		{BCEF8C0E-2F41-33C0-9083-4FECA66B5A74} = {BCEF8C0E-2F41-33C0-9083-4FECA66B5A74}
		{A2EBA630-8B95-335D-8AAB-CD6F8E414DD3} = {A2EBA630-8B95-335D-8AAB-CD6F8E414DD3}
		{4BE0EE06-E4C8-3A95-A1DB-C05562B99E2B} = {4BE0EE06-E4C8-3A95-A1DB-C05562B99E2B}
		{13E79ED3-708B-374B-A182-4E9C6D28D6E6} = {13E79ED3-708B-374B-A182-4E9C6D28D6E6}
		{412901BA-5CAC-32BB-B0BB-DE63368F3766} = {412901BA-5CAC-32BB-B0BB-DE63368F3766}
		{BA4AAD65-BCD2-3455-91CF-A3B48351E79A} = {BA4AAD65-BCD2-3455-91CF-A3B48351E79A}
	EndProjectSection
EndProject
Project("{8BC9CEB8-8B4A-11D0-8D11-00A0C91BC942}") = "INSTALL", "INSTALL.vcxproj", "{9A6C746A-D861-33A0-B07A-2A32AAF924C9}"
	ProjectSection(ProjectDependencies) = postProject
		{4DC952CD-6B29-3C1A-8A4D-594645A5D82C} = {4DC952CD-6B29-3C1A-8A4D-594645A5D82C}
		{BCEF8C0E-2F41-33C0-9083-4FECA66B5A74} = {BCEF8C0E-2F41-33C0-9083-4FECA66B5A74}
	EndProjectSection
EndProject
Project("{8BC9CEB8-8B4A-11D0-8D11-00A0C91BC942}") = "SDL2", "third_party\SDL\SDL2.vcxproj", "{D144FBD0-1248-34C4-BB7B-196BC196BE94}"
	ProjectSection(ProjectDependencies) = postProject
		{BCEF8C0E-2F41-33C0-9083-4FECA66B5A74} = {BCEF8C0E-2F41-33C0-9083-4FECA66B5A74}
		{E63D3360-00BA-37E7-8A2A-1C4A6A296752} = {E63D3360-00BA-37E7-8A2A-1C4A6A296752}
	EndProjectSection
EndProject
Project("{8BC9CEB8-8B4A-11D0-8D11-00A0C91BC942}") = "Shaders", "Shaders.vcxproj", "{844EB874-F09B-3F5C-8FFA-7259D8B0A22E}"
	ProjectSection(ProjectDependencies) = postProject
		{BCEF8C0E-2F41-33C0-9083-4FECA66B5A74} = {BCEF8C0E-2F41-33C0-9083-4FECA66B5A74}
	EndProjectSection
EndProject
Project("{8BC9CEB8-8B4A-11D0-8D11-00A0C91BC942}") = "ZERO_CHECK", "ZERO_CHECK.vcxproj", "{BCEF8C0E-2F41-33C0-9083-4FECA66B5A74}"
	ProjectSection(ProjectDependencies) = postProject
	EndProjectSection
EndProject
Project("{8BC9CEB8-8B4A-11D0-8D11-00A0C91BC942}") = "engine", "src\engine.vcxproj", "{A2EBA630-8B95-335D-8AAB-CD6F8E414DD3}"
	ProjectSection(ProjectDependencies) = postProject
		{D144FBD0-1248-34C4-BB7B-196BC196BE94} = {D144FBD0-1248-34C4-BB7B-196BC196BE94}
		{BCEF8C0E-2F41-33C0-9083-4FECA66B5A74} = {BCEF8C0E-2F41-33C0-9083-4FECA66B5A74}
		{4BE0EE06-E4C8-3A95-A1DB-C05562B99E2B} = {4BE0EE06-E4C8-3A95-A1DB-C05562B99E2B}
		{13E79ED3-708B-374B-A182-4E9C6D28D6E6} = {13E79ED3-708B-374B-A182-4E9C6D28D6E6}
		{DCE61293-2649-3251-ACE2-933FBCE477B4} = {DCE61293-2649-3251-ACE2-933FBCE477B4}
		{412901BA-5CAC-32BB-B0BB-DE63368F3766} = {412901BA-5CAC-32BB-B0BB-DE63368F3766}
		{BA4AAD65-BCD2-3455-91CF-A3B48351E79A} = {BA4AAD65-BCD2-3455-91CF-A3B48351E79A}
	EndProjectSection
EndProject
Project("{8BC9CEB8-8B4A-11D0-8D11-00A0C91BC942}") = "fastgltf", "third_party\fastgltf\fastgltf.vcxproj", "{4BE0EE06-E4C8-3A95-A1DB-C05562B99E2B}"
	ProjectSection(ProjectDependencies) = postProject
		{BCEF8C0E-2F41-33C0-9083-4FECA66B5A74} = {BCEF8C0E-2F41-33C0-9083-4FECA66B5A74}
		{13E79ED3-708B-374B-A182-4E9C6D28D6E6} = {13E79ED3-708B-374B-A182-4E9C6D28D6E6}
	EndProjectSection
EndProject
Project("{8BC9CEB8-8B4A-11D0-8D11-00A0C91BC942}") = "fastgltf_simdjson", "third_party\fastgltf\fastgltf_simdjson.vcxproj", "{13E79ED3-708B-374B-A182-4E9C6D28D6E6}"
	ProjectSection(ProjectDependencies) = postProject
		{BCEF8C0E-2F41-33C0-9083-4FECA66B5A74} = {BCEF8C0E-2F41-33C0-9083-4FECA66B5A74}
	EndProjectSection
EndProject
Project("{8BC9CEB8-8B4A-11D0-8D11-00A0C91BC942}") = "fmt", "third_party\fmt\fmt.vcxproj", "{DCE61293-2649-3251-ACE2-933FBCE477B4}"
	ProjectSection(ProjectDependencies) = postProject
		{BCEF8C0E-2F41-33C0-9083-4FECA66B5A74} = {BCEF8C0E-2F41-33C0-9083-4FECA66B5A74}
	EndProjectSection
EndProject
Project("{8BC9CEB8-8B4A-11D0-8D11-00A0C91BC942}") = "imgui", "third_party\imgui.vcxproj", "{412901BA-5CAC-32BB-B0BB-DE63368F3766}"
	ProjectSection(ProjectDependencies) = postProject
		{D144FBD0-1248-34C4-BB7B-196BC196BE94} = {D144FBD0-1248-34C4-BB7B-196BC196BE94}
		{BCEF8C0E-2F41-33C0-9083-4FECA66B5A74} = {BCEF8C0E-2F41-33C0-9083-4FECA66B5A74}
	EndProjectSection
EndProject
Project("{8BC9CEB8-8B4A-11D0-8D11-00A0C91BC942}") = "sdl_headers_copy", "third_party\SDL\sdl_headers_copy.vcxproj", "{E63D3360-00BA-37E7-8A2A-1C4A6A296752}"
	ProjectSection(ProjectDependencies) = postProject
		{BCEF8C0E-2F41-33C0-9083-4FECA66B5A74} = {BCEF8C0E-2F41-33C0-9083-4FECA66B5A74}
	EndProjectSection
EndProject
Project("{8BC9CEB8-8B4A-11D0-8D11-00A0C91BC942}") = "vkbootstrap", "third_party\vkbootstrap.vcxproj", "{BA4AAD65-BCD2-3455-91CF-A3B48351E79A}"
	ProjectSection(ProjectDependencies) = postProject
		{BCEF8C0E-2F41-33C0-9083-4FECA66B5A74} = {BCEF8C0E-2F41-33C0-9083-4FECA66B5A74}
	EndProjectSection
EndProject
Global
	GlobalSection(SolutionConfigurationPlatforms) = preSolution
		Debug|x64 = Debug|x64
		Release|x64 = Release|x64
		MinSizeRel|x64 = MinSizeRel|x64
		RelWithDebInfo|x64 = RelWithDebInfo|x64
	EndGlobalSection
	GlobalSection(ProjectConfigurationPlatforms) = postSolution
		{4DC952CD-6B29-3C1A-8A4D-594645A5D82C}.Debug|x64.ActiveCfg = Debug|x64
		{4DC952CD-6B29-3C1A-8A4D-594645A5D82C}.Debug|x64.Build.0 = Debug|x64
		{4DC952CD-6B29-3C1A-8A4D-594645A5D82C}.Release|x64.ActiveCfg = Release|x64
		{4DC952CD-6B29-3C1A-8A4D-594645A5D82C}.Release|x64.Build.0 = Release|x64
		{4DC952CD-6B29-3C1A-8A4D-594645A5D82C}.MinSizeRel|x64.ActiveCfg = MinSizeRel|x64
		{4DC952CD-6B29-3C1A-8A4D-594645A5D82C}.MinSizeRel|x64.Build.0 = MinSizeRel|x64
		{4DC952CD-6B29-3C1A-8A4D-594645A5D82C}.RelWithDebInfo|x64.ActiveCfg = RelWithDebInfo|x64
		{4DC952CD-6B29-3C1A-8A4D-594645A5D82C}.RelWithDebInfo|x64.Build.0 = RelWithDebInfo|x64
		{9A6C746A-D861-33A0-B07A-2A32AAF924C9}.Debug|x64.ActiveCfg = Debug|x64
		{9A6C746A-D861-33A0-B07A-2A32AAF924C9}.Release|x64.ActiveCfg = Release|x64
		{9A6C746A-D861-33A0-B07A-2A32AAF924C9}.MinSizeRel|x64.ActiveCfg = MinSizeRel|x64
		{9A6C746A-D861-33A0-B07A-2A32AAF924C9}.RelWithDebInfo|x64.ActiveCfg = RelWithDebInfo|x64
		{D144FBD0-1248-34C4-BB7B-196BC196BE94}.Debug|x64.ActiveCfg = Debug|x64
		{D144FBD0-1248-34C4-BB7B-196BC196BE94}.Debug|x64.Build.0 = Debug|x64
		{D144FBD0-1248-34C4-BB7B-196BC196BE94}.Release|x64.ActiveCfg = Release|x64
		{D144FBD0-1248-34C4-BB7B-196BC196BE94}.Release|x64.Build.0 = Release|x64
		{D144FBD0-1248-34C4-BB7B-196BC196BE94}.MinSizeRel|x64.ActiveCfg = MinSizeRel|x64
		{D144FBD0-1248-34C4-BB7B-196BC196BE94}.MinSizeRel|x64.Build.0 = MinSizeRel|x64
		{D144FBD0-1248-34C4-BB7B-196BC196BE94}.RelWithDebInfo|x64.ActiveCfg = RelWithDebInfo|x64
		{D144FBD0-1248-34C4-BB7B-196BC196BE94}.RelWithDebInfo|x64.Build.0 = RelWithDebInfo|x64
		{844EB874-F09B-3F5C-8FFA-7259D8B0A22E}.Debug|x64.ActiveCfg = Debug|x64
		{844EB874-F09B-3F5C-8FFA-7259D8B0A22E}.Release|x64.ActiveCfg = Release|x64
		{844EB874-F09B-3F5C-8FFA-7259D8B0A22E}.MinSizeRel|x64.ActiveCfg = MinSizeRel|x64
		{844EB874-F09B-3F5C-8FFA-7259D8B0A22E}.RelWithDebInfo|x64.ActiveCfg = RelWithDebInfo|x64
		{BCEF8C0E-2F41-33C0-9083-4FECA66B5A74}.Debug|x64.ActiveCfg = Debug|x64
		{BCEF8C0E-2F41-33C0-9083-4FECA66B5A74}.Debug|x64.Build.0 = Debug|x64
		{BCEF8C0E-2F41-33C0-9083-4FECA66B5A74}.Release|x64.ActiveCfg = Release|x64
		{BCEF8C0E-2F41-33C0-9083-4FECA66B5A74}.Release|x64.Build.0 = Release|x64
		{BCEF8C0E-2F41-33C0-9083-4FECA66B5A74}.MinSizeRel|x64.ActiveCfg = MinSizeRel|x64
		{BCEF8C0E-2F41-33C0-9083-4FECA66B5A74}.MinSizeRel|x64.Build.0 = MinSizeRel|x64
		{BCEF8C0E-2F41-33C0-9083-4FECA66B5A74}.RelWithDebInfo|x64.ActiveCfg = RelWithDebInfo|x64
		{BCEF8C0E-2F41-33C0-9083-4FECA66B5A74}.RelWithDebInfo|x64.Build.0 = RelWithDebInfo|x64
		{A2EBA630-8B95-335D-8AAB-CD6F8E414DD3}.Debug|x64.ActiveCfg = Debug|x64
		{A2EBA630-8B95-335D-8AAB-CD6F8E414DD3}.Debug|x64.Build.0 = Debug|x64
		{A2EBA630-8B95-335D-8AAB-CD6F8E414DD3}.Release|x64.ActiveCfg = Release|x64
		{A2EBA630-8B95-335D-8AAB-CD6F8E414DD3}.Release|x64.Build.0 = Release|x64
		{A2EBA630-8B95-335D-8AAB-CD6F8E414DD3}.MinSizeRel|x64.ActiveCfg = MinSizeRel|x64
		{A2EBA630-8B95-335D-8AAB-CD6F8E414DD3}.MinSizeRel|x64.Build.0 = MinSizeRel|x64
		{A2EBA630-8B95-335D-8AAB-CD6F8E414DD3}.RelWithDebInfo|x64.ActiveCfg = RelWithDebInfo|x64
		{A2EBA630-8B95-335D-8AAB-CD6F8E414DD3}.RelWithDebInfo|x64.Build.0 = RelWithDebInfo|x64
		{4BE0EE06-E4C8-3A95-A1DB-C05562B99E2B}.Debug|x64.ActiveCfg = Debug|x64
		{4BE0EE06-E4C8-3A95-A1DB-C05562B99E2B}.Debug|x64.Build.0 = Debug|x64
		{4BE0EE06-E4C8-3A95-A1DB-C05562B99E2B}.Release|x64.ActiveCfg = Release|x64
		{4BE0EE06-E4C8-3A95-A1DB-C05562B99E2B}.Release|x64.Build.0 = Release|x64
		{4BE0EE06-E4C8-3A95-A1DB-C05562B99E2B}.MinSizeRel|x64.ActiveCfg = MinSizeRel|x64
		{4BE0EE06-E4C8-3A95-A1DB-C05562B99E2B}.MinSizeRel|x64.Build.0 = MinSizeRel|x64
		{4BE0EE06-E4C8-3A95-A1DB-C05562B99E2B}.RelWithDebInfo|x64.ActiveCfg = RelWithDebInfo|x64
		{4BE0EE06-E4C8-3A95-A1DB-C05562B99E2B}.RelWithDebInfo|x64.Build.0 = RelWithDebInfo|x64
		{13E79ED3-708B-374B-A182-4E9C6D28D6E6}.Debug|x64.ActiveCfg = Debug|x64
		{13E79ED3-708B-374B-A182-4E9C6D28D6E6}.Debug|x64.Build.0 = Debug|x64
		{13E79ED3-708B-374B-A182-4E9C6D28D6E6}.Release|x64.ActiveCfg = Release|x64
		{13E79ED3-708B-374B-A182-4E9C6D28D6E6}.Release|x64.Build.0 = Release|x64
		{13E79ED3-708B-374B-A182-4E9C6D28D6E6}.MinSizeRel|x64.ActiveCfg = MinSizeRel|x64
		{13E79ED3-708B-374B-A182-4E9C6D28D6E6}.MinSizeRel|x64.Build.0 = MinSizeRel|x64
		{13E79ED3-708B-374B-A182-4E9C6D28D6E6}.RelWithDebInfo|x64.ActiveCfg = RelWithDebInfo|x64
		{13E79ED3-708B-374B-A182-4E9C6D28D6E6}.RelWithDebInfo|x64.Build.0 = RelWithDebInfo|x64
		{DCE61293-2649-3251-ACE2-933FBCE477B4}.Debug|x64.ActiveCfg = Debug|x64
		{DCE61293-2649-3251-ACE2-933FBCE477B4}.Debug|x64.Build.0 = Debug|x64
		{DCE61293-2649-3251-ACE2-933FBCE477B4}.Release|x64.ActiveCfg = Release|x64
		{DCE61293-2649-3251-ACE2-933FBCE477B4}.Release|x64.Build.0 = Release|x64
		{DCE61293-2649-3251-ACE2-933FBCE477B4}.MinSizeRel|x64.ActiveCfg = MinSizeRel|x64
		{DCE61293-2649-3251-ACE2-933FBCE477B4}.MinSizeRel|x64.Build.0 = MinSizeRel|x64
		{DCE61293-2649-3251-ACE2-933FBCE477B4}.RelWithDebInfo|x64.ActiveCfg = RelWithDebInfo|x64
		{DCE61293-2649-3251-ACE2-933FBCE477B4}.RelWithDebInfo|x64.Build.0 = RelWithDebInfo|x64
		{412901BA-5CAC-32BB-B0BB-DE63368F3766}.Debug|x64.ActiveCfg = Debug|x64
		{412901BA-5CAC-32BB-B0BB-DE63368F3766}.Debug|x64.Build.0 = Debug|x64
		{412901BA-5CAC-32BB-B0BB-DE63368F3766}.Release|x64.ActiveCfg = Release|x64
		{412901BA-5CAC-32BB-B0BB-DE63368F3766}.Release|x64.Build.0 = Release|x64
		{412901BA-5CAC-32BB-B0BB-DE63368F3766}.MinSizeRel|x64.ActiveCfg = MinSizeRel|x64
		{412901BA-5CAC-32BB-B0BB-DE63368F3766}.MinSizeRel|x64.Build.0 = MinSizeRel|x64
		{412901BA-5CAC-32BB-B0BB-DE63368F3766}.RelWithDebInfo|x64.ActiveCfg = RelWithDebInfo|x64
		{412901BA-5CAC-32BB-B0BB-DE63368F3766}.RelWithDebInfo|x64.Build.0 = RelWithDebInfo|x64
		{E63D3360-00BA-37E7-8A2A-1C4A6A296752}.Debug|x64.ActiveCfg = Debug|x64
		{E63D3360-00BA-37E7-8A2A-1C4A6A296752}.Debug|x64.Build.0 = Debug|x64
		{E63D3360-00BA-37E7-8A2A-1C4A6A296752}.Release|x64.ActiveCfg = Release|x64
		{E63D3360-00BA-37E7-8A2A-1C4A6A296752}.Release|x64.Build.0 = Release|x64
		{E63D3360-00BA-37E7-8A2A-1C4A6A296752}.MinSizeRel|x64.ActiveCfg = MinSizeRel|x64
		{E63D3360-00BA-37E7-8A2A-1C4A6A296752}.MinSizeRel|x64.Build.0 = MinSizeRel|x64
		{E63D3360-00BA-37E7-8A2A-1C4A6A296752}.RelWithDebInfo|x64.ActiveCfg = RelWithDebInfo|x64
		{E63D3360-00BA-37E7-8A2A-1C4A6A296752}.RelWithDebInfo|x64.Build.0 = RelWithDebInfo|x64
		{BA4AAD65-BCD2-3455-91CF-A3B48351E79A}.Debug|x64.ActiveCfg = Debug|x64
		{BA4AAD65-BCD2-3455-91CF-A3B48351E79A}.Debug|x64.Build.0 = Debug|x64
		{BA4AAD65-BCD2-3455-91CF-A3B48351E79A}.Release|x64.ActiveCfg = Release|x64
		{BA4AAD65-BCD2-3455-91CF-A3B48351E79A}.Release|x64.Build.0 = Release|x64
		{BA4AAD65-BCD2-3455-91CF-A3B48351E79A}.MinSizeRel|x64.ActiveCfg = MinSizeRel|x64
		{BA4AAD65-BCD2-3455-91CF-A3B48351E79A}.MinSizeRel|x64.Build.0 = MinSizeRel|x64
		{BA4AAD65-BCD2-3455-91CF-A3B48351E79A}.RelWithDebInfo|x64.ActiveCfg = RelWithDebInfo|x64
		{BA4AAD65-BCD2-3455-91CF-A3B48351E79A}.RelWithDebInfo|x64.Build.0 = RelWithDebInfo|x64
	EndGlobalSection
	GlobalSection(ExtensibilityGlobals) = postSolution
		SolutionGuid = {A3368850-662D-348F-BB1A-2851BF9C7645}
	EndGlobalSection
	GlobalSection(ExtensibilityAddIns) = postSolution
	EndGlobalSection
EndGlobal
